
Microsoft Visual Studio Solution File, Format Version 12.00
# Visual Studio Version 16
VisualStudioVersion = 16.0.31624.102
MinimumVisualStudioVersion = 10.0.40219.1
Project("{888888A0-9F3D-457C-B088-3A5042F75D52}") = "Laba3", "Laba3\Laba3.pyproj", "{CBC08CE3-5C5D-4D2B-8EB7-C433A7E1B0A7}"
EndProject
Global
	GlobalSection(SolutionConfigurationPlatforms) = preSolution
		Debug|Any CPU = Debug|Any CPU
		Release|Any CPU = Release|Any CPU
	EndGlobalSection
	GlobalSection(ProjectConfigurationPlatforms) = postSolution
		{CBC08CE3-5C5D-4D2B-8EB7-C433A7E1B0A7}.Debug|Any CPU.ActiveCfg = Debug|Any CPU
		{CBC08CE3-5C5D-4D2B-8EB7-C433A7E1B0A7}.Release|Any CPU.ActiveCfg = Release|Any CPU
	EndGlobalSection
	GlobalSection(SolutionProperties) = preSolution
		HideSolutionNode = FALSE
	EndGlobalSection
	GlobalSection(ExtensibilityGlobals) = postSolution
		SolutionGuid = {E76E32A7-5B76-4DE5-95AC-362B37708A2C}
	EndGlobalSection
EndGlobal
